{
  "nodes": {
    "nixpkgs": {
      "locked": {
        "lastModified": 1748494527,
        "narHash": "sha256-PPADa+VpHbNtz9Anbfb71WLawKlkEwq2ecWMqqZoQ+E=",
        "owner": "NixOS",
        "repo": "nixpkgs",
        "rev": "ac478dcb45918646e99f36658c5bebfc2789834c",
        "type": "github"
      },
      "original": {
        "owner": "NixOS",
        "ref": "nixos-25.05-small",
        "repo": "nixpkgs",
        "type": "github"
      }
    },
    "nixpkgs-unstable": {
      "locked": {
        "lastModified": 1748370509,
        "narHash": "sha256-QlL8slIgc16W5UaI3w7xHQEP+Qmv/6vSNTpoZrrSlbk=",
        "owner": "NixOS",
        "repo": "nixpkgs",
        "rev": "4faa5f5321320e49a78ae7848582f684d64783e9",
        "type": "github"
      },
      "original": {
        "owner": "NixOS",
        "ref": "nixos-unstable",
        "repo": "nixpkgs",
        "type": "github"
      }
    },
    "root": {
      "inputs": {
        "nixpkgs": "nixpkgs",
        "nixpkgs-unstable": "nixpkgs-unstable"
      }
    }
  },
  "root": "root",
  "version": 7
}
