{
  "nodes": {
    "nixpkgs": {
      "locked": {
        "lastModified": 1747844573,
        "narHash": "sha256-kNgovScRKK/Wy4LSXOPO6Oh1YfvmnF9EtTxkkv2PU0Y=",
        "owner": "NixOS",
        "repo": "nixpkgs",
        "rev": "82dc36b90d869eb0aa37cd801c6e78fd06de6a22",
        "type": "github"
      },
      "original": {
        "owner": "NixOS",
        "ref": "nixos-25.05-small",
        "repo": "nixpkgs",
        "type": "github"
      }
    },
    "nixpkgs-unstable": {
      "locked": {
        "lastModified": 1747744144,
        "narHash": "sha256-W7lqHp0qZiENCDwUZ5EX/lNhxjMdNapFnbErcbnP11Q=",
        "owner": "NixOS",
        "repo": "nixpkgs",
        "rev": "2795c506fe8fb7b03c36ccb51f75b6df0ab2553f",
        "type": "github"
      },
      "original": {
        "owner": "NixOS",
        "ref": "nixos-unstable",
        "repo": "nixpkgs",
        "type": "github"
      }
    },
    "root": {
      "inputs": {
        "nixpkgs": "nixpkgs",
        "nixpkgs-unstable": "nixpkgs-unstable"
      }
    }
  },
  "root": "root",
  "version": 7
}
